
Microsoft Visual Studio Solution File, Format Version 12.00
# Visual Studio Version 16
VisualStudioVersion = 16.0.32002.261
MinimumVisualStudioVersion = 10.0.40219.1
Project("{9A19103F-16F7-4668-BE54-9A1E7A4F7556}") = "WordleCheatWPF", "WordleCheatWPF\WordleCheatWPF.csproj", "{1E72ABF0-63C9-4F76-A3A1-0EC4A936A15F}"
EndProject
Project("{FAE04EC0-301F-11D3-BF4B-00C04F79EFBC}") = "WordleCheat_Tests", "WordleCheatWPFTest\WordleCheat_Tests.csproj", "{7E473AFE-386B-40E3-A042-8C90AB32638A}"
EndProject
Project("{FAE04EC0-301F-11D3-BF4B-00C04F79EFBC}") = "WordleCheat", "WordleCheat\WordleCheat.csproj", "{ED9232A9-8FB6-426D-B31E-A016DFED020D}"
EndProject
Global
	GlobalSection(SolutionConfigurationPlatforms) = preSolution
		Debug|Any CPU = Debug|Any CPU
		Release|Any CPU = Release|Any CPU
	EndGlobalSection
	GlobalSection(ProjectConfigurationPlatforms) = postSolution
		{1E72ABF0-63C9-4F76-A3A1-0EC4A936A15F}.Debug|Any CPU.ActiveCfg = Debug|Any CPU
		{1E72ABF0-63C9-4F76-A3A1-0EC4A936A15F}.Debug|Any CPU.Build.0 = Debug|Any CPU
		{1E72ABF0-63C9-4F76-A3A1-0EC4A936A15F}.Release|Any CPU.ActiveCfg = Release|Any CPU
		{1E72ABF0-63C9-4F76-A3A1-0EC4A936A15F}.Release|Any CPU.Build.0 = Release|Any CPU
		{7E473AFE-386B-40E3-A042-8C90AB32638A}.Debug|Any CPU.ActiveCfg = Debug|Any CPU
		{7E473AFE-386B-40E3-A042-8C90AB32638A}.Debug|Any CPU.Build.0 = Debug|Any CPU
		{7E473AFE-386B-40E3-A042-8C90AB32638A}.Release|Any CPU.ActiveCfg = Release|Any CPU
		{7E473AFE-386B-40E3-A042-8C90AB32638A}.Release|Any CPU.Build.0 = Release|Any CPU
		{ED9232A9-8FB6-426D-B31E-A016DFED020D}.Debug|Any CPU.ActiveCfg = Debug|Any CPU
		{ED9232A9-8FB6-426D-B31E-A016DFED020D}.Debug|Any CPU.Build.0 = Debug|Any CPU
		{ED9232A9-8FB6-426D-B31E-A016DFED020D}.Release|Any CPU.ActiveCfg = Release|Any CPU
		{ED9232A9-8FB6-426D-B31E-A016DFED020D}.Release|Any CPU.Build.0 = Release|Any CPU
	EndGlobalSection
	GlobalSection(SolutionProperties) = preSolution
		HideSolutionNode = FALSE
	EndGlobalSection
	GlobalSection(ExtensibilityGlobals) = postSolution
		SolutionGuid = {92B64493-3C27-4832-B588-EE5E612901AA}
	EndGlobalSection
EndGlobal
